// !$*UTF8*$!
{
	archiveVersion = 1;
	classes = {
	};
	objectVersion = 50;
	objects = {

/* Begin PBXBuildFile section */
		2A3E770A29A8DD370079E6B4 /* libcrypto.3.dylib in Frameworks */ = {isa = PBXBuildFile; fileRef = 2A3E770929A8DD370079E6B4 /* libcrypto.3.dylib */; };
		2A3E770B29A8DD370079E6B4 /* libcrypto.3.dylib in Embed Libraries */ = {isa = PBXBuildFile; fileRef = 2A3E770929A8DD370079E6B4 /* libcrypto.3.dylib */; settings = {ATTRIBUTES = (CodeSignOnCopy, ); }; };
		2A3E770D29A8E80D0079E6B4 /* libplist-2.0.3.dylib in Frameworks */ = {isa = PBXBuildFile; fileRef = 2A3E770C29A8E80D0079E6B4 /* libplist-2.0.3.dylib */; };
		2A3E770E29A8E80D0079E6B4 /* libplist-2.0.3.dylib in Embed Libraries */ = {isa = PBXBuildFile; fileRef = 2A3E770C29A8E80D0079E6B4 /* libplist-2.0.3.dylib */; settings = {ATTRIBUTES = (CodeSignOnCopy, ); }; };
		8738E89A26948E4C00C03872 /* main.cpp in Sources */ = {isa = PBXBuildFile; fileRef = 8738E89926948E4C00C03872 /* main.cpp */; };
		8738E8A226948E9500C03872 /* libgeneral.0.dylib in Frameworks */ = {isa = PBXBuildFile; fileRef = 8738E8A126948E9500C03872 /* libgeneral.0.dylib */; };
		8738E8A326948E9500C03872 /* libgeneral.0.dylib in Embed Libraries */ = {isa = PBXBuildFile; fileRef = 8738E8A126948E9500C03872 /* libgeneral.0.dylib */; settings = {ATTRIBUTES = (CodeSignOnCopy, ); }; };
		8738E8A726948F1600C03872 /* img3tool.cpp in Sources */ = {isa = PBXBuildFile; fileRef = 8738E8A526948F1600C03872 /* img3tool.cpp */; };
		8738E8AA26949FBA00C03872 /* lzssdec.c in Sources */ = {isa = PBXBuildFile; fileRef = 8738E8A926949FBA00C03872 /* lzssdec.c */; };
/* End PBXBuildFile section */

/* Begin PBXCopyFilesBuildPhase section */
		8738E89426948E4C00C03872 /* CopyFiles */ = {
			isa = PBXCopyFilesBuildPhase;
			buildActionMask = 2147483647;
			dstPath = /usr/share/man/man1/;
			dstSubfolderSpec = 0;
			files = (
			);
			runOnlyForDeploymentPostprocessing = 1;
		};
		8738E8A426948E9500C03872 /* Embed Libraries */ = {
			isa = PBXCopyFilesBuildPhase;
			buildActionMask = 2147483647;
			dstPath = "";
			dstSubfolderSpec = 10;
			files = (
				2A3E770B29A8DD370079E6B4 /* libcrypto.3.dylib in Embed Libraries */,
				8738E8A326948E9500C03872 /* libgeneral.0.dylib in Embed Libraries */,
				2A3E770E29A8E80D0079E6B4 /* libplist-2.0.3.dylib in Embed Libraries */,
			);
			name = "Embed Libraries";
			runOnlyForDeploymentPostprocessing = 0;
		};
/* End PBXCopyFilesBuildPhase section */

/* Begin PBXFileReference section */
		2A3E770929A8DD370079E6B4 /* libcrypto.3.dylib */ = {isa = PBXFileReference; lastKnownFileType = "compiled.mach-o.dylib"; name = libcrypto.3.dylib; path = ../../../../usr/local/lib/libcrypto.3.dylib; sourceTree = "<group>"; };
		2A3E770C29A8E80D0079E6B4 /* libplist-2.0.3.dylib */ = {isa = PBXFileReference; lastKnownFileType = "compiled.mach-o.dylib"; name = "libplist-2.0.3.dylib"; path = "../../../../usr/local/lib/libplist-2.0.3.dylib"; sourceTree = "<group>"; };
		8738E89626948E4C00C03872 /* img3tool */ = {isa = PBXFileReference; explicitFileType = "compiled.mach-o.executable"; includeInIndex = 0; path = img3tool; sourceTree = BUILT_PRODUCTS_DIR; };
		8738E89926948E4C00C03872 /* main.cpp */ = {isa = PBXFileReference; lastKnownFileType = sourcecode.cpp.cpp; path = main.cpp; sourceTree = "<group>"; };
		8738E8A126948E9500C03872 /* libgeneral.0.dylib */ = {isa = PBXFileReference; lastKnownFileType = "compiled.mach-o.dylib"; name = libgeneral.0.dylib; path = ../../../../usr/local/lib/libgeneral.0.dylib; sourceTree = "<group>"; };
		8738E8A526948F1600C03872 /* img3tool.cpp */ = {isa = PBXFileReference; lastKnownFileType = sourcecode.cpp.cpp; path = img3tool.cpp; sourceTree = "<group>"; };
		8738E8A826949FBA00C03872 /* lzssdec.h */ = {isa = PBXFileReference; lastKnownFileType = sourcecode.c.h; path = lzssdec.h; sourceTree = "<group>"; };
		8738E8A926949FBA00C03872 /* lzssdec.c */ = {isa = PBXFileReference; lastKnownFileType = sourcecode.c.c; path = lzssdec.c; sourceTree = "<group>"; };
		8738E8AB26958B0000C03872 /* img3tool.hpp */ = {isa = PBXFileReference; lastKnownFileType = sourcecode.cpp.h; name = img3tool.hpp; path = include/img3tool/img3tool.hpp; sourceTree = SOURCE_ROOT; };
		8738E8AC26958B0B00C03872 /* img3tool.hpp.in */ = {isa = PBXFileReference; explicitFileType = sourcecode.cpp.h; name = img3tool.hpp.in; path = include/img3tool/img3tool.hpp.in; sourceTree = SOURCE_ROOT; };
/* End PBXFileReference section */

/* Begin PBXFrameworksBuildPhase section */
		8738E89326948E4C00C03872 /* Frameworks */ = {
			isa = PBXFrameworksBuildPhase;
			buildActionMask = 2147483647;
			files = (
				2A3E770A29A8DD370079E6B4 /* libcrypto.3.dylib in Frameworks */,
				8738E8A226948E9500C03872 /* libgeneral.0.dylib in Frameworks */,
				2A3E770D29A8E80D0079E6B4 /* libplist-2.0.3.dylib in Frameworks */,
			);
			runOnlyForDeploymentPostprocessing = 0;
		};
/* End PBXFrameworksBuildPhase section */

/* Begin PBXGroup section */
		8738E88D26948E4C00C03872 = {
			isa = PBXGroup;
			children = (
				8738E89826948E4C00C03872 /* img3tool */,
				8738E89726948E4C00C03872 /* Products */,
				8738E8A026948E9500C03872 /* Frameworks */,
			);
			sourceTree = "<group>";
		};
		8738E89726948E4C00C03872 /* Products */ = {
			isa = PBXGroup;
			children = (
				8738E89626948E4C00C03872 /* img3tool */,
			);
			name = Products;
			sourceTree = "<group>";
		};
		8738E89826948E4C00C03872 /* img3tool */ = {
			isa = PBXGroup;
			children = (
				8738E8A826949FBA00C03872 /* lzssdec.h */,
				8738E8A926949FBA00C03872 /* lzssdec.c */,
				8738E8AC26958B0B00C03872 /* img3tool.hpp.in */,
				8738E8AB26958B0000C03872 /* img3tool.hpp */,
				8738E8A526948F1600C03872 /* img3tool.cpp */,
				8738E89926948E4C00C03872 /* main.cpp */,
			);
			path = img3tool;
			sourceTree = "<group>";
		};
		8738E8A026948E9500C03872 /* Frameworks */ = {
			isa = PBXGroup;
			children = (
				2A3E770C29A8E80D0079E6B4 /* libplist-2.0.3.dylib */,
				2A3E770929A8DD370079E6B4 /* libcrypto.3.dylib */,
				8738E8A126948E9500C03872 /* libgeneral.0.dylib */,
			);
			name = Frameworks;
			sourceTree = "<group>";
		};
/* End PBXGroup section */

/* Begin PBXNativeTarget section */
		8738E89526948E4C00C03872 /* img3tool */ = {
			isa = PBXNativeTarget;
			buildConfigurationList = 8738E89D26948E4C00C03872 /* Build configuration list for PBXNativeTarget "img3tool" */;
			buildPhases = (
				8738E89226948E4C00C03872 /* Sources */,
				8738E89326948E4C00C03872 /* Frameworks */,
				8738E89426948E4C00C03872 /* CopyFiles */,
				8738E8A426948E9500C03872 /* Embed Libraries */,
			);
			buildRules = (
			);
			dependencies = (
			);
			name = img3tool;
			productName = img3tool;
			productReference = 8738E89626948E4C00C03872 /* img3tool */;
			productType = "com.apple.product-type.tool";
		};
/* End PBXNativeTarget section */

/* Begin PBXProject section */
		8738E88E26948E4C00C03872 /* Project object */ = {
			isa = PBXProject;
			attributes = {
				LastUpgradeCheck = 1250;
				TargetAttributes = {
					8738E89526948E4C00C03872 = {
						CreatedOnToolsVersion = 12.5;
					};
				};
			};
			buildConfigurationList = 8738E89126948E4C00C03872 /* Build configuration list for PBXProject "img3tool" */;
			compatibilityVersion = "Xcode 9.3";
			developmentRegion = en;
			hasScannedForEncodings = 0;
			knownRegions = (
				en,
				Base,
			);
			mainGroup = 8738E88D26948E4C00C03872;
			productRefGroup = 8738E89726948E4C00C03872 /* Products */;
			projectDirPath = "";
			projectRoot = "";
			targets = (
				8738E89526948E4C00C03872 /* img3tool */,
			);
		};
/* End PBXProject section */

/* Begin PBXSourcesBuildPhase section */
		8738E89226948E4C00C03872 /* Sources */ = {
			isa = PBXSourcesBuildPhase;
			buildActionMask = 2147483647;
			files = (
				8738E89A26948E4C00C03872 /* main.cpp in Sources */,
				8738E8AA26949FBA00C03872 /* lzssdec.c in Sources */,
				8738E8A726948F1600C03872 /* img3tool.cpp in Sources */,
			);
			runOnlyForDeploymentPostprocessing = 0;
		};
/* End PBXSourcesBuildPhase section */

/* Begin XCBuildConfiguration section */
		8738E89B26948E4C00C03872 /* Debug */ = {
			isa = XCBuildConfiguration;
			buildSettings = {
				ALWAYS_SEARCH_USER_PATHS = NO;
				CLANG_ANALYZER_NONNULL = YES;
				CLANG_ANALYZER_NUMBER_OBJECT_CONVERSION = YES_AGGRESSIVE;
				CLANG_CXX_LANGUAGE_STANDARD = "gnu++14";
				CLANG_CXX_LIBRARY = "libc++";
				CLANG_ENABLE_MODULES = YES;
				CLANG_ENABLE_OBJC_ARC = YES;
				CLANG_ENABLE_OBJC_WEAK = YES;
				CLANG_WARN_BLOCK_CAPTURE_AUTORELEASING = YES;
				CLANG_WARN_BOOL_CONVERSION = YES;
				CLANG_WARN_COMMA = YES;
				CLANG_WARN_CONSTANT_CONVERSION = YES;
				CLANG_WARN_DEPRECATED_OBJC_IMPLEMENTATIONS = YES;
				CLANG_WARN_DIRECT_OBJC_ISA_USAGE = YES_ERROR;
				CLANG_WARN_DOCUMENTATION_COMMENTS = YES;
				CLANG_WARN_EMPTY_BODY = YES;
				CLANG_WARN_ENUM_CONVERSION = YES;
				CLANG_WARN_INFINITE_RECURSION = YES;
				CLANG_WARN_INT_CONVERSION = YES;
				CLANG_WARN_NON_LITERAL_NULL_CONVERSION = YES;
				CLANG_WARN_OBJC_IMPLICIT_RETAIN_SELF = YES;
				CLANG_WARN_OBJC_LITERAL_CONVERSION = YES;
				CLANG_WARN_OBJC_ROOT_CLASS = YES_ERROR;
				CLANG_WARN_QUOTED_INCLUDE_IN_FRAMEWORK_HEADER = YES;
				CLANG_WARN_RANGE_LOOP_ANALYSIS = YES;
				CLANG_WARN_STRICT_PROTOTYPES = YES;
				CLANG_WARN_SUSPICIOUS_MOVE = YES;
				CLANG_WARN_UNGUARDED_AVAILABILITY = YES_AGGRESSIVE;
				CLANG_WARN_UNREACHABLE_CODE = YES;
				CLANG_WARN__DUPLICATE_METHOD_MATCH = YES;
				COPY_PHASE_STRIP = NO;
				DEBUG_INFORMATION_FORMAT = dwarf;
				ENABLE_STRICT_OBJC_MSGSEND = YES;
				ENABLE_TESTABILITY = YES;
				GCC_C_LANGUAGE_STANDARD = gnu11;
				GCC_DYNAMIC_NO_PIC = NO;
				GCC_NO_COMMON_BLOCKS = YES;
				GCC_OPTIMIZATION_LEVEL = 0;
				GCC_PREPROCESSOR_DEFINITIONS = (
					"DEBUG=1",
					"$(inherited)",
				);
				GCC_WARN_64_TO_32_BIT_CONVERSION = YES;
				GCC_WARN_ABOUT_RETURN_TYPE = YES_ERROR;
				GCC_WARN_UNDECLARED_SELECTOR = YES;
				GCC_WARN_UNINITIALIZED_AUTOS = YES_AGGRESSIVE;
				GCC_WARN_UNUSED_FUNCTION = YES;
				GCC_WARN_UNUSED_VARIABLE = YES;
				MACOSX_DEPLOYMENT_TARGET = 11.3;
				MTL_ENABLE_DEBUG_INFO = INCLUDE_SOURCE;
				MTL_FAST_MATH = YES;
				ONLY_ACTIVE_ARCH = YES;
				SDKROOT = macosx;
			};
			name = Debug;
		};
		8738E89C26948E4C00C03872 /* Release */ = {
			isa = XCBuildConfiguration;
			buildSettings = {
				ALWAYS_SEARCH_USER_PATHS = NO;
				CLANG_ANALYZER_NONNULL = YES;
				CLANG_ANALYZER_NUMBER_OBJECT_CONVERSION = YES_AGGRESSIVE;
				CLANG_CXX_LANGUAGE_STANDARD = "gnu++14";
				CLANG_CXX_LIBRARY = "libc++";
				CLANG_ENABLE_MODULES = YES;
				CLANG_ENABLE_OBJC_ARC = YES;
				CLANG_ENABLE_OBJC_WEAK = YES;
				CLANG_WARN_BLOCK_CAPTURE_AUTORELEASING = YES;
				CLANG_WARN_BOOL_CONVERSION = YES;
				CLANG_WARN_COMMA = YES;
				CLANG_WARN_CONSTANT_CONVERSION = YES;
				CLANG_WARN_DEPRECATED_OBJC_IMPLEMENTATIONS = YES;
				CLANG_WARN_DIRECT_OBJC_ISA_USAGE = YES_ERROR;
				CLANG_WARN_DOCUMENTATION_COMMENTS = YES;
				CLANG_WARN_EMPTY_BODY = YES;
				CLANG_WARN_ENUM_CONVERSION = YES;
				CLANG_WARN_INFINITE_RECURSION = YES;
				CLANG_WARN_INT_CONVERSION = YES;
				CLANG_WARN_NON_LITERAL_NULL_CONVERSION = YES;
				CLANG_WARN_OBJC_IMPLICIT_RETAIN_SELF = YES;
				CLANG_WARN_OBJC_LITERAL_CONVERSION = YES;
				CLANG_WARN_OBJC_ROOT_CLASS = YES_ERROR;
				CLANG_WARN_QUOTED_INCLUDE_IN_FRAMEWORK_HEADER = YES;
				CLANG_WARN_RANGE_LOOP_ANALYSIS = YES;
				CLANG_WARN_STRICT_PROTOTYPES = YES;
				CLANG_WARN_SUSPICIOUS_MOVE = YES;
				CLANG_WARN_UNGUARDED_AVAILABILITY = YES_AGGRESSIVE;
				CLANG_WARN_UNREACHABLE_CODE = YES;
				CLANG_WARN__DUPLICATE_METHOD_MATCH = YES;
				COPY_PHASE_STRIP = NO;
				DEBUG_INFORMATION_FORMAT = "dwarf-with-dsym";
				ENABLE_NS_ASSERTIONS = NO;
				ENABLE_STRICT_OBJC_MSGSEND = YES;
				GCC_C_LANGUAGE_STANDARD = gnu11;
				GCC_NO_COMMON_BLOCKS = YES;
				GCC_WARN_64_TO_32_BIT_CONVERSION = YES;
				GCC_WARN_ABOUT_RETURN_TYPE = YES_ERROR;
				GCC_WARN_UNDECLARED_SELECTOR = YES;
				GCC_WARN_UNINITIALIZED_AUTOS = YES_AGGRESSIVE;
				GCC_WARN_UNUSED_FUNCTION = YES;
				GCC_WARN_UNUSED_VARIABLE = YES;
				MACOSX_DEPLOYMENT_TARGET = 11.3;
				MTL_ENABLE_DEBUG_INFO = NO;
				MTL_FAST_MATH = YES;
				SDKROOT = macosx;
			};
			name = Release;
		};
		8738E89E26948E4C00C03872 /* Debug */ = {
			isa = XCBuildConfiguration;
			buildSettings = {
				CODE_SIGN_STYLE = Automatic;
				GCC_PREPROCESSOR_DEFINITIONS = (
					"DEBUG=1",
					"$(inherited)",
					HAVE_OPENSSL,
					XCODE,
					HAVE_CRYPTO,
					HAVE_PLIST,
				);
				HEADER_SEARCH_PATHS = /usr/local/include;
				LIBRARY_SEARCH_PATHS = /usr/local/lib;
				PRODUCT_NAME = "$(TARGET_NAME)";
			};
			name = Debug;
		};
		8738E89F26948E4C00C03872 /* Release */ = {
			isa = XCBuildConfiguration;
			buildSettings = {
				CODE_SIGN_STYLE = Automatic;
				HEADER_SEARCH_PATHS = /usr/local/include;
				LIBRARY_SEARCH_PATHS = /usr/local/lib;
				PRODUCT_NAME = "$(TARGET_NAME)";
			};
			name = Release;
		};
/* End XCBuildConfiguration section */

/* Begin XCConfigurationList section */
		8738E89126948E4C00C03872 /* Build configuration list for PBXProject "img3tool" */ = {
			isa = XCConfigurationList;
			buildConfigurations = (
				8738E89B26948E4C00C03872 /* Debug */,
				8738E89C26948E4C00C03872 /* Release */,
			);
			defaultConfigurationIsVisible = 0;
			defaultConfigurationName = Release;
		};
		8738E89D26948E4C00C03872 /* Build configuration list for PBXNativeTarget "img3tool" */ = {
			isa = XCConfigurationList;
			buildConfigurations = (
				8738E89E26948E4C00C03872 /* Debug */,
				8738E89F26948E4C00C03872 /* Release */,
			);
			defaultConfigurationIsVisible = 0;
			defaultConfigurationName = Release;
		};
/* End XCConfigurationList section */
	};
	rootObject = 8738E88E26948E4C00C03872 /* Project object */;
}
